
Microsoft Visual Studio Solution File, Format Version 12.00
# Visual Studio Version 17
VisualStudioVersion = 17.0.31912.275
MinimumVisualStudioVersion = 10.0.40219.1
Project("{FAE04EC0-301F-11D3-BF4B-00C04F79EFBC}") = "ApiTask", "ApiTask\ApiTask.csproj", "{26963997-DE8B-4972-A1C7-BC10BB0FE431}"
EndProject
Global
	GlobalSection(SolutionConfigurationPlatforms) = preSolution
		Debug|Any CPU = Debug|Any CPU
		Release|Any CPU = Release|Any CPU
	EndGlobalSection
	GlobalSection(ProjectConfigurationPlatforms) = postSolution
		{26963997-DE8B-4972-A1C7-BC10BB0FE431}.Debug|Any CPU.ActiveCfg = Debug|Any CPU
		{26963997-DE8B-4972-A1C7-BC10BB0FE431}.Debug|Any CPU.Build.0 = Debug|Any CPU
		{26963997-DE8B-4972-A1C7-BC10BB0FE431}.Release|Any CPU.ActiveCfg = Release|Any CPU
		{26963997-DE8B-4972-A1C7-BC10BB0FE431}.Release|Any CPU.Build.0 = Release|Any CPU
	EndGlobalSection
	GlobalSection(SolutionProperties) = preSolution
		HideSolutionNode = FALSE
	EndGlobalSection
	GlobalSection(ExtensibilityGlobals) = postSolution
		SolutionGuid = {89AA8876-3A74-402B-9179-8BA59EE7455B}
	EndGlobalSection
EndGlobal
